// !$*UTF8*$!
{
	archiveVersion = 1;
	classes = {
	};
	objectVersion = 56;
	objects = {

/* Begin PBXBuildFile section */
		8AA6B900297F30D30080354B /* AppDelegate.swift in Sources */ = {isa = PBXBuildFile; fileRef = 8AA6B8FF297F30D30080354B /* AppDelegate.swift */; };
		8AA6B902297F30D30080354B /* SceneDelegate.swift in Sources */ = {isa = PBXBuildFile; fileRef = 8AA6B901297F30D30080354B /* SceneDelegate.swift */; };
		8AA6B909297F30D40080354B /* Assets.xcassets in Resources */ = {isa = PBXBuildFile; fileRef = 8AA6B908297F30D40080354B /* Assets.xcassets */; };
		8AA6B90C297F30D40080354B /* LaunchScreen.storyboard in Resources */ = {isa = PBXBuildFile; fileRef = 8AA6B90A297F30D40080354B /* LaunchScreen.storyboard */; };
		8AA6B915297F322B0080354B /* PBTransactions.json in Resources */ = {isa = PBXBuildFile; fileRef = 8AA6B914297F322B0080354B /* PBTransactions.json */; };
		8AA6B918297F32BE0080354B /* NetworkManager.swift in Sources */ = {isa = PBXBuildFile; fileRef = 8AA6B917297F32BE0080354B /* NetworkManager.swift */; };
		8AA6B91B297F33130080354B /* TransactionDataModel.swift in Sources */ = {isa = PBXBuildFile; fileRef = 8AA6B91A297F33130080354B /* TransactionDataModel.swift */; };
		8AA6B91E297F33750080354B /* JsonLoader.swift in Sources */ = {isa = PBXBuildFile; fileRef = 8AA6B91D297F33750080354B /* JsonLoader.swift */; };
		8AA6B920297F33940080354B /* Data+Ext.swift in Sources */ = {isa = PBXBuildFile; fileRef = 8AA6B91F297F33940080354B /* Data+Ext.swift */; };
		8AA6B922297F33D70080354B /* NetworkAppError.swift in Sources */ = {isa = PBXBuildFile; fileRef = 8AA6B921297F33D70080354B /* NetworkAppError.swift */; };
		8AA6B925297F38D90080354B /* ApplicationCoordinator.swift in Sources */ = {isa = PBXBuildFile; fileRef = 8AA6B924297F38D90080354B /* ApplicationCoordinator.swift */; };
		8AA6B928297F39210080354B /* TransactionsList.swift in Sources */ = {isa = PBXBuildFile; fileRef = 8AA6B927297F39210080354B /* TransactionsList.swift */; };
		8AA6B92B297F393F0080354B /* TransactionCoordinator.swift in Sources */ = {isa = PBXBuildFile; fileRef = 8AA6B92A297F393F0080354B /* TransactionCoordinator.swift */; };
		8AA6B92D297F39830080354B /* TransactionsViewModel.swift in Sources */ = {isa = PBXBuildFile; fileRef = 8AA6B92C297F39830080354B /* TransactionsViewModel.swift */; };
		8AA6B930297F3ADB0080354B /* TranscationCell.swift in Sources */ = {isa = PBXBuildFile; fileRef = 8AA6B92F297F3ADB0080354B /* TranscationCell.swift */; };
		8AA6B933297F485A0080354B /* String+Ext.swift in Sources */ = {isa = PBXBuildFile; fileRef = 8AA6B932297F485A0080354B /* String+Ext.swift */; };
		8AA6B9392980A4AA0080354B /* TransactionDetails.swift in Sources */ = {isa = PBXBuildFile; fileRef = 8AA6B9372980A4AA0080354B /* TransactionDetails.swift */; };
		8AA6B93A2980A4AA0080354B /* TransactionDetails.xib in Resources */ = {isa = PBXBuildFile; fileRef = 8AA6B9382980A4AA0080354B /* TransactionDetails.xib */; };
		8AA6B93C2980A71A0080354B /* LoadingView.swift in Sources */ = {isa = PBXBuildFile; fileRef = 8AA6B93B2980A71A0080354B /* LoadingView.swift */; };
		8AA6B93E2980A8220080354B /* FilterButton.swift in Sources */ = {isa = PBXBuildFile; fileRef = 8AA6B93D2980A8220080354B /* FilterButton.swift */; };
/* End PBXBuildFile section */

/* Begin PBXFileReference section */
		8AA6B8FC297F30D30080354B /* WorldOfPAYBACKapp.app */ = {isa = PBXFileReference; explicitFileType = wrapper.application; includeInIndex = 0; path = WorldOfPAYBACKapp.app; sourceTree = BUILT_PRODUCTS_DIR; };
		8AA6B8FF297F30D30080354B /* AppDelegate.swift */ = {isa = PBXFileReference; lastKnownFileType = sourcecode.swift; path = AppDelegate.swift; sourceTree = "<group>"; };
		8AA6B901297F30D30080354B /* SceneDelegate.swift */ = {isa = PBXFileReference; lastKnownFileType = sourcecode.swift; path = SceneDelegate.swift; sourceTree = "<group>"; };
		8AA6B908297F30D40080354B /* Assets.xcassets */ = {isa = PBXFileReference; lastKnownFileType = folder.assetcatalog; path = Assets.xcassets; sourceTree = "<group>"; };
		8AA6B90B297F30D40080354B /* Base */ = {isa = PBXFileReference; lastKnownFileType = file.storyboard; name = Base; path = Base.lproj/LaunchScreen.storyboard; sourceTree = "<group>"; };
		8AA6B90D297F30D40080354B /* Info.plist */ = {isa = PBXFileReference; lastKnownFileType = text.plist.xml; path = Info.plist; sourceTree = "<group>"; };
		8AA6B914297F322B0080354B /* PBTransactions.json */ = {isa = PBXFileReference; fileEncoding = 4; lastKnownFileType = text.json; path = PBTransactions.json; sourceTree = "<group>"; };
		8AA6B917297F32BE0080354B /* NetworkManager.swift */ = {isa = PBXFileReference; lastKnownFileType = sourcecode.swift; path = NetworkManager.swift; sourceTree = "<group>"; };
		8AA6B91A297F33130080354B /* TransactionDataModel.swift */ = {isa = PBXFileReference; lastKnownFileType = sourcecode.swift; path = TransactionDataModel.swift; sourceTree = "<group>"; };
		8AA6B91D297F33750080354B /* JsonLoader.swift */ = {isa = PBXFileReference; lastKnownFileType = sourcecode.swift; path = JsonLoader.swift; sourceTree = "<group>"; };
		8AA6B91F297F33940080354B /* Data+Ext.swift */ = {isa = PBXFileReference; lastKnownFileType = sourcecode.swift; path = "Data+Ext.swift"; sourceTree = "<group>"; };
		8AA6B921297F33D70080354B /* NetworkAppError.swift */ = {isa = PBXFileReference; lastKnownFileType = sourcecode.swift; path = NetworkAppError.swift; sourceTree = "<group>"; };
		8AA6B924297F38D90080354B /* ApplicationCoordinator.swift */ = {isa = PBXFileReference; lastKnownFileType = sourcecode.swift; path = ApplicationCoordinator.swift; sourceTree = "<group>"; };
		8AA6B927297F39210080354B /* TransactionsList.swift */ = {isa = PBXFileReference; lastKnownFileType = sourcecode.swift; path = TransactionsList.swift; sourceTree = "<group>"; };
		8AA6B92A297F393F0080354B /* TransactionCoordinator.swift */ = {isa = PBXFileReference; lastKnownFileType = sourcecode.swift; path = TransactionCoordinator.swift; sourceTree = "<group>"; };
		8AA6B92C297F39830080354B /* TransactionsViewModel.swift */ = {isa = PBXFileReference; lastKnownFileType = sourcecode.swift; path = TransactionsViewModel.swift; sourceTree = "<group>"; };
		8AA6B92F297F3ADB0080354B /* TranscationCell.swift */ = {isa = PBXFileReference; lastKnownFileType = sourcecode.swift; path = TranscationCell.swift; sourceTree = "<group>"; };
		8AA6B932297F485A0080354B /* String+Ext.swift */ = {isa = PBXFileReference; lastKnownFileType = sourcecode.swift; path = "String+Ext.swift"; sourceTree = "<group>"; };
		8AA6B9372980A4AA0080354B /* TransactionDetails.swift */ = {isa = PBXFileReference; lastKnownFileType = sourcecode.swift; path = TransactionDetails.swift; sourceTree = "<group>"; };
		8AA6B9382980A4AA0080354B /* TransactionDetails.xib */ = {isa = PBXFileReference; lastKnownFileType = file.xib; path = TransactionDetails.xib; sourceTree = "<group>"; };
		8AA6B93B2980A71A0080354B /* LoadingView.swift */ = {isa = PBXFileReference; lastKnownFileType = sourcecode.swift; path = LoadingView.swift; sourceTree = "<group>"; };
		8AA6B93D2980A8220080354B /* FilterButton.swift */ = {isa = PBXFileReference; lastKnownFileType = sourcecode.swift; path = FilterButton.swift; sourceTree = "<group>"; };
/* End PBXFileReference section */

/* Begin PBXFrameworksBuildPhase section */
		8AA6B8F9297F30D30080354B /* Frameworks */ = {
			isa = PBXFrameworksBuildPhase;
			buildActionMask = 2147483647;
			files = (
			);
			runOnlyForDeploymentPostprocessing = 0;
		};
/* End PBXFrameworksBuildPhase section */

/* Begin PBXGroup section */
		8AA6B8F3297F30D30080354B = {
			isa = PBXGroup;
			children = (
				8AA6B8FE297F30D30080354B /* WorldOfPAYBACKapp */,
				8AA6B8FD297F30D30080354B /* Products */,
			);
			sourceTree = "<group>";
		};
		8AA6B8FD297F30D30080354B /* Products */ = {
			isa = PBXGroup;
			children = (
				8AA6B8FC297F30D30080354B /* WorldOfPAYBACKapp.app */,
			);
			name = Products;
			sourceTree = "<group>";
		};
		8AA6B8FE297F30D30080354B /* WorldOfPAYBACKapp */ = {
			isa = PBXGroup;
			children = (
				8AA6B923297F38B80080354B /* AppCoordinator */,
				8AA6B926297F38FE0080354B /* App Story */,
				8AA6B919297F32F70080354B /* DataModel */,
				8AA6B91C297F333E0080354B /* Helper + Extensions */,
				8AA6B916297F32B20080354B /* Network */,
				8AA6B913297F31DB0080354B /* Resources */,
			);
			path = WorldOfPAYBACKapp;
			sourceTree = "<group>";
		};
		8AA6B913297F31DB0080354B /* Resources */ = {
			isa = PBXGroup;
			children = (
				8AA6B90D297F30D40080354B /* Info.plist */,
				8AA6B8FF297F30D30080354B /* AppDelegate.swift */,
				8AA6B901297F30D30080354B /* SceneDelegate.swift */,
				8AA6B908297F30D40080354B /* Assets.xcassets */,
				8AA6B90A297F30D40080354B /* LaunchScreen.storyboard */,
			);
			path = Resources;
			sourceTree = "<group>";
		};
		8AA6B916297F32B20080354B /* Network */ = {
			isa = PBXGroup;
			children = (
				8AA6B931297F46A30080354B /* JSON */,
				8AA6B917297F32BE0080354B /* NetworkManager.swift */,
				8AA6B921297F33D70080354B /* NetworkAppError.swift */,
			);
			path = Network;
			sourceTree = "<group>";
		};
		8AA6B919297F32F70080354B /* DataModel */ = {
			isa = PBXGroup;
			children = (
				8AA6B91A297F33130080354B /* TransactionDataModel.swift */,
			);
			path = DataModel;
			sourceTree = "<group>";
		};
		8AA6B91C297F333E0080354B /* Helper + Extensions */ = {
			isa = PBXGroup;
			children = (
				8AA6B91F297F33940080354B /* Data+Ext.swift */,
				8AA6B932297F485A0080354B /* String+Ext.swift */,
				8AA6B93B2980A71A0080354B /* LoadingView.swift */,
				8AA6B93D2980A8220080354B /* FilterButton.swift */,
			);
			path = "Helper + Extensions";
			sourceTree = "<group>";
		};
		8AA6B923297F38B80080354B /* AppCoordinator */ = {
			isa = PBXGroup;
			children = (
				8AA6B924297F38D90080354B /* ApplicationCoordinator.swift */,
			);
			path = AppCoordinator;
			sourceTree = "<group>";
		};
		8AA6B926297F38FE0080354B /* App Story */ = {
			isa = PBXGroup;
			children = (
				8AA6B929297F392E0080354B /* Transactions */,
			);
			path = "App Story";
			sourceTree = "<group>";
		};
		8AA6B929297F392E0080354B /* Transactions */ = {
			isa = PBXGroup;
			children = (
				8AA6B92A297F393F0080354B /* TransactionCoordinator.swift */,
				8AA6B92C297F39830080354B /* TransactionsViewModel.swift */,
				8AA6B92E297F3AD10080354B /* Cell */,
				8AA6B927297F39210080354B /* TransactionsList.swift */,
				8AA6B9362980A4870080354B /* Details */,
			);
			path = Transactions;
			sourceTree = "<group>";
		};
		8AA6B92E297F3AD10080354B /* Cell */ = {
			isa = PBXGroup;
			children = (
				8AA6B92F297F3ADB0080354B /* TranscationCell.swift */,
			);
			path = Cell;
			sourceTree = "<group>";
		};
		8AA6B931297F46A30080354B /* JSON */ = {
			isa = PBXGroup;
			children = (
				8AA6B91D297F33750080354B /* JsonLoader.swift */,
				8AA6B914297F322B0080354B /* PBTransactions.json */,
			);
			path = JSON;
			sourceTree = "<group>";
		};
		8AA6B9362980A4870080354B /* Details */ = {
			isa = PBXGroup;
			children = (
				8AA6B9372980A4AA0080354B /* TransactionDetails.swift */,
				8AA6B9382980A4AA0080354B /* TransactionDetails.xib */,
			);
			path = Details;
			sourceTree = "<group>";
		};
/* End PBXGroup section */

/* Begin PBXNativeTarget section */
		8AA6B8FB297F30D30080354B /* WorldOfPAYBACKapp */ = {
			isa = PBXNativeTarget;
			buildConfigurationList = 8AA6B910297F30D40080354B /* Build configuration list for PBXNativeTarget "WorldOfPAYBACKapp" */;
			buildPhases = (
				8AA6B8F8297F30D30080354B /* Sources */,
				8AA6B8F9297F30D30080354B /* Frameworks */,
				8AA6B8FA297F30D30080354B /* Resources */,
			);
			buildRules = (
			);
			dependencies = (
			);
			name = WorldOfPAYBACKapp;
			productName = WorldOfPAYBACKapp;
			productReference = 8AA6B8FC297F30D30080354B /* WorldOfPAYBACKapp.app */;
			productType = "com.apple.product-type.application";
		};
/* End PBXNativeTarget section */

/* Begin PBXProject section */
		8AA6B8F4297F30D30080354B /* Project object */ = {
			isa = PBXProject;
			attributes = {
				BuildIndependentTargetsInParallel = 1;
				LastSwiftUpdateCheck = 1420;
				LastUpgradeCheck = 1420;
				TargetAttributes = {
					8AA6B8FB297F30D30080354B = {
						CreatedOnToolsVersion = 14.2;
					};
				};
			};
			buildConfigurationList = 8AA6B8F7297F30D30080354B /* Build configuration list for PBXProject "WorldOfPAYBACKapp" */;
			compatibilityVersion = "Xcode 14.0";
			developmentRegion = en;
			hasScannedForEncodings = 0;
			knownRegions = (
				en,
				Base,
			);
			mainGroup = 8AA6B8F3297F30D30080354B;
			productRefGroup = 8AA6B8FD297F30D30080354B /* Products */;
			projectDirPath = "";
			projectRoot = "";
			targets = (
				8AA6B8FB297F30D30080354B /* WorldOfPAYBACKapp */,
			);
		};
/* End PBXProject section */

/* Begin PBXResourcesBuildPhase section */
		8AA6B8FA297F30D30080354B /* Resources */ = {
			isa = PBXResourcesBuildPhase;
			buildActionMask = 2147483647;
			files = (
				8AA6B90C297F30D40080354B /* LaunchScreen.storyboard in Resources */,
				8AA6B915297F322B0080354B /* PBTransactions.json in Resources */,
				8AA6B909297F30D40080354B /* Assets.xcassets in Resources */,
				8AA6B93A2980A4AA0080354B /* TransactionDetails.xib in Resources */,
			);
			runOnlyForDeploymentPostprocessing = 0;
		};
/* End PBXResourcesBuildPhase section */

/* Begin PBXSourcesBuildPhase section */
		8AA6B8F8297F30D30080354B /* Sources */ = {
			isa = PBXSourcesBuildPhase;
			buildActionMask = 2147483647;
			files = (
				8AA6B918297F32BE0080354B /* NetworkManager.swift in Sources */,
				8AA6B900297F30D30080354B /* AppDelegate.swift in Sources */,
				8AA6B930297F3ADB0080354B /* TranscationCell.swift in Sources */,
				8AA6B933297F485A0080354B /* String+Ext.swift in Sources */,
				8AA6B902297F30D30080354B /* SceneDelegate.swift in Sources */,
				8AA6B92B297F393F0080354B /* TransactionCoordinator.swift in Sources */,
				8AA6B91E297F33750080354B /* JsonLoader.swift in Sources */,
				8AA6B922297F33D70080354B /* NetworkAppError.swift in Sources */,
				8AA6B93C2980A71A0080354B /* LoadingView.swift in Sources */,
				8AA6B92D297F39830080354B /* TransactionsViewModel.swift in Sources */,
				8AA6B91B297F33130080354B /* TransactionDataModel.swift in Sources */,
				8AA6B920297F33940080354B /* Data+Ext.swift in Sources */,
				8AA6B925297F38D90080354B /* ApplicationCoordinator.swift in Sources */,
				8AA6B928297F39210080354B /* TransactionsList.swift in Sources */,
				8AA6B9392980A4AA0080354B /* TransactionDetails.swift in Sources */,
				8AA6B93E2980A8220080354B /* FilterButton.swift in Sources */,
			);
			runOnlyForDeploymentPostprocessing = 0;
		};
/* End PBXSourcesBuildPhase section */

/* Begin PBXVariantGroup section */
		8AA6B90A297F30D40080354B /* LaunchScreen.storyboard */ = {
			isa = PBXVariantGroup;
			children = (
				8AA6B90B297F30D40080354B /* Base */,
			);
			name = LaunchScreen.storyboard;
			sourceTree = "<group>";
		};
/* End PBXVariantGroup section */

/* Begin XCBuildConfiguration section */
		8AA6B90E297F30D40080354B /* Debug */ = {
			isa = XCBuildConfiguration;
			buildSettings = {
				ALWAYS_SEARCH_USER_PATHS = NO;
				CLANG_ANALYZER_NONNULL = YES;
				CLANG_ANALYZER_NUMBER_OBJECT_CONVERSION = YES_AGGRESSIVE;
				CLANG_CXX_LANGUAGE_STANDARD = "gnu++20";
				CLANG_ENABLE_MODULES = YES;
				CLANG_ENABLE_OBJC_ARC = YES;
				CLANG_ENABLE_OBJC_WEAK = YES;
				CLANG_WARN_BLOCK_CAPTURE_AUTORELEASING = YES;
				CLANG_WARN_BOOL_CONVERSION = YES;
				CLANG_WARN_COMMA = YES;
				CLANG_WARN_CONSTANT_CONVERSION = YES;
				CLANG_WARN_DEPRECATED_OBJC_IMPLEMENTATIONS = YES;
				CLANG_WARN_DIRECT_OBJC_ISA_USAGE = YES_ERROR;
				CLANG_WARN_DOCUMENTATION_COMMENTS = YES;
				CLANG_WARN_EMPTY_BODY = YES;
				CLANG_WARN_ENUM_CONVERSION = YES;
				CLANG_WARN_INFINITE_RECURSION = YES;
				CLANG_WARN_INT_CONVERSION = YES;
				CLANG_WARN_NON_LITERAL_NULL_CONVERSION = YES;
				CLANG_WARN_OBJC_IMPLICIT_RETAIN_SELF = YES;
				CLANG_WARN_OBJC_LITERAL_CONVERSION = YES;
				CLANG_WARN_OBJC_ROOT_CLASS = YES_ERROR;
				CLANG_WARN_QUOTED_INCLUDE_IN_FRAMEWORK_HEADER = YES;
				CLANG_WARN_RANGE_LOOP_ANALYSIS = YES;
				CLANG_WARN_STRICT_PROTOTYPES = YES;
				CLANG_WARN_SUSPICIOUS_MOVE = YES;
				CLANG_WARN_UNGUARDED_AVAILABILITY = YES_AGGRESSIVE;
				CLANG_WARN_UNREACHABLE_CODE = YES;
				CLANG_WARN__DUPLICATE_METHOD_MATCH = YES;
				COPY_PHASE_STRIP = NO;
				DEBUG_INFORMATION_FORMAT = dwarf;
				ENABLE_STRICT_OBJC_MSGSEND = YES;
				ENABLE_TESTABILITY = YES;
				GCC_C_LANGUAGE_STANDARD = gnu11;
				GCC_DYNAMIC_NO_PIC = NO;
				GCC_NO_COMMON_BLOCKS = YES;
				GCC_OPTIMIZATION_LEVEL = 0;
				GCC_PREPROCESSOR_DEFINITIONS = (
					"DEBUG=1",
					"$(inherited)",
				);
				GCC_WARN_64_TO_32_BIT_CONVERSION = YES;
				GCC_WARN_ABOUT_RETURN_TYPE = YES_ERROR;
				GCC_WARN_UNDECLARED_SELECTOR = YES;
				GCC_WARN_UNINITIALIZED_AUTOS = YES_AGGRESSIVE;
				GCC_WARN_UNUSED_FUNCTION = YES;
				GCC_WARN_UNUSED_VARIABLE = YES;
				IPHONEOS_DEPLOYMENT_TARGET = 14.5;
				MTL_ENABLE_DEBUG_INFO = INCLUDE_SOURCE;
				MTL_FAST_MATH = YES;
				ONLY_ACTIVE_ARCH = YES;
				SDKROOT = iphoneos;
				SWIFT_ACTIVE_COMPILATION_CONDITIONS = DEBUG;
				SWIFT_OPTIMIZATION_LEVEL = "-Onone";
			};
			name = Debug;
		};
		8AA6B90F297F30D40080354B /* Release */ = {
			isa = XCBuildConfiguration;
			buildSettings = {
				ALWAYS_SEARCH_USER_PATHS = NO;
				CLANG_ANALYZER_NONNULL = YES;
				CLANG_ANALYZER_NUMBER_OBJECT_CONVERSION = YES_AGGRESSIVE;
				CLANG_CXX_LANGUAGE_STANDARD = "gnu++20";
				CLANG_ENABLE_MODULES = YES;
				CLANG_ENABLE_OBJC_ARC = YES;
				CLANG_ENABLE_OBJC_WEAK = YES;
				CLANG_WARN_BLOCK_CAPTURE_AUTORELEASING = YES;
				CLANG_WARN_BOOL_CONVERSION = YES;
				CLANG_WARN_COMMA = YES;
				CLANG_WARN_CONSTANT_CONVERSION = YES;
				CLANG_WARN_DEPRECATED_OBJC_IMPLEMENTATIONS = YES;
				CLANG_WARN_DIRECT_OBJC_ISA_USAGE = YES_ERROR;
				CLANG_WARN_DOCUMENTATION_COMMENTS = YES;
				CLANG_WARN_EMPTY_BODY = YES;
				CLANG_WARN_ENUM_CONVERSION = YES;
				CLANG_WARN_INFINITE_RECURSION = YES;
				CLANG_WARN_INT_CONVERSION = YES;
				CLANG_WARN_NON_LITERAL_NULL_CONVERSION = YES;
				CLANG_WARN_OBJC_IMPLICIT_RETAIN_SELF = YES;
				CLANG_WARN_OBJC_LITERAL_CONVERSION = YES;
				CLANG_WARN_OBJC_ROOT_CLASS = YES_ERROR;
				CLANG_WARN_QUOTED_INCLUDE_IN_FRAMEWORK_HEADER = YES;
				CLANG_WARN_RANGE_LOOP_ANALYSIS = YES;
				CLANG_WARN_STRICT_PROTOTYPES = YES;
				CLANG_WARN_SUSPICIOUS_MOVE = YES;
				CLANG_WARN_UNGUARDED_AVAILABILITY = YES_AGGRESSIVE;
				CLANG_WARN_UNREACHABLE_CODE = YES;
				CLANG_WARN__DUPLICATE_METHOD_MATCH = YES;
				COPY_PHASE_STRIP = NO;
				DEBUG_INFORMATION_FORMAT = "dwarf-with-dsym";
				ENABLE_NS_ASSERTIONS = NO;
				ENABLE_STRICT_OBJC_MSGSEND = YES;
				GCC_C_LANGUAGE_STANDARD = gnu11;
				GCC_NO_COMMON_BLOCKS = YES;
				GCC_WARN_64_TO_32_BIT_CONVERSION = YES;
				GCC_WARN_ABOUT_RETURN_TYPE = YES_ERROR;
				GCC_WARN_UNDECLARED_SELECTOR = YES;
				GCC_WARN_UNINITIALIZED_AUTOS = YES_AGGRESSIVE;
				GCC_WARN_UNUSED_FUNCTION = YES;
				GCC_WARN_UNUSED_VARIABLE = YES;
				IPHONEOS_DEPLOYMENT_TARGET = 14.5;
				MTL_ENABLE_DEBUG_INFO = NO;
				MTL_FAST_MATH = YES;
				SDKROOT = iphoneos;
				SWIFT_COMPILATION_MODE = wholemodule;
				SWIFT_OPTIMIZATION_LEVEL = "-O";
				VALIDATE_PRODUCT = YES;
			};
			name = Release;
		};
		8AA6B911297F30D40080354B /* Debug */ = {
			isa = XCBuildConfiguration;
			buildSettings = {
				ASSETCATALOG_COMPILER_APPICON_NAME = AppIcon;
				ASSETCATALOG_COMPILER_GLOBAL_ACCENT_COLOR_NAME = AccentColor;
				CODE_SIGN_STYLE = Automatic;
				CURRENT_PROJECT_VERSION = 1;
				DEVELOPMENT_TEAM = XHKRMS9TZN;
				GENERATE_INFOPLIST_FILE = YES;
				INFOPLIST_FILE = WorldOfPAYBACKapp/Resources/Info.plist;
				INFOPLIST_KEY_UIApplicationSupportsIndirectInputEvents = YES;
				INFOPLIST_KEY_UILaunchStoryboardName = LaunchScreen;
				INFOPLIST_KEY_UISupportedInterfaceOrientations_iPad = "UIInterfaceOrientationPortrait UIInterfaceOrientationPortraitUpsideDown UIInterfaceOrientationLandscapeLeft UIInterfaceOrientationLandscapeRight";
				INFOPLIST_KEY_UISupportedInterfaceOrientations_iPhone = "UIInterfaceOrientationPortrait UIInterfaceOrientationLandscapeLeft UIInterfaceOrientationLandscapeRight";
				IPHONEOS_DEPLOYMENT_TARGET = 14.5;
				LD_RUNPATH_SEARCH_PATHS = (
					"$(inherited)",
					"@executable_path/Frameworks",
				);
				MARKETING_VERSION = 1.0;
				PRODUCT_BUNDLE_IDENTIFIER = co.adam.WorldOfPAYBACKapp;
				PRODUCT_NAME = "$(TARGET_NAME)";
				SUPPORTED_PLATFORMS = "iphoneos iphonesimulator";
				SUPPORTS_MACCATALYST = NO;
				SUPPORTS_MAC_DESIGNED_FOR_IPHONE_IPAD = NO;
				SWIFT_EMIT_LOC_STRINGS = YES;
				SWIFT_VERSION = 5.0;
				TARGETED_DEVICE_FAMILY = 1;
			};
			name = Debug;
		};
		8AA6B912297F30D40080354B /* Release */ = {
			isa = XCBuildConfiguration;
			buildSettings = {
				ASSETCATALOG_COMPILER_APPICON_NAME = AppIcon;
				ASSETCATALOG_COMPILER_GLOBAL_ACCENT_COLOR_NAME = AccentColor;
				CODE_SIGN_STYLE = Automatic;
				CURRENT_PROJECT_VERSION = 1;
				DEVELOPMENT_TEAM = XHKRMS9TZN;
				GENERATE_INFOPLIST_FILE = YES;
				INFOPLIST_FILE = WorldOfPAYBACKapp/Resources/Info.plist;
				INFOPLIST_KEY_UIApplicationSupportsIndirectInputEvents = YES;
				INFOPLIST_KEY_UILaunchStoryboardName = LaunchScreen;
				INFOPLIST_KEY_UISupportedInterfaceOrientations_iPad = "UIInterfaceOrientationPortrait UIInterfaceOrientationPortraitUpsideDown UIInterfaceOrientationLandscapeLeft UIInterfaceOrientationLandscapeRight";
				INFOPLIST_KEY_UISupportedInterfaceOrientations_iPhone = "UIInterfaceOrientationPortrait UIInterfaceOrientationLandscapeLeft UIInterfaceOrientationLandscapeRight";
				IPHONEOS_DEPLOYMENT_TARGET = 14.5;
				LD_RUNPATH_SEARCH_PATHS = (
					"$(inherited)",
					"@executable_path/Frameworks",
				);
				MARKETING_VERSION = 1.0;
				PRODUCT_BUNDLE_IDENTIFIER = co.adam.WorldOfPAYBACKapp;
				PRODUCT_NAME = "$(TARGET_NAME)";
				SUPPORTED_PLATFORMS = "iphoneos iphonesimulator";
				SUPPORTS_MACCATALYST = NO;
				SUPPORTS_MAC_DESIGNED_FOR_IPHONE_IPAD = NO;
				SWIFT_EMIT_LOC_STRINGS = YES;
				SWIFT_VERSION = 5.0;
				TARGETED_DEVICE_FAMILY = 1;
			};
			name = Release;
		};
/* End XCBuildConfiguration section */

/* Begin XCConfigurationList section */
		8AA6B8F7297F30D30080354B /* Build configuration list for PBXProject "WorldOfPAYBACKapp" */ = {
			isa = XCConfigurationList;
			buildConfigurations = (
				8AA6B90E297F30D40080354B /* Debug */,
				8AA6B90F297F30D40080354B /* Release */,
			);
			defaultConfigurationIsVisible = 0;
			defaultConfigurationName = Release;
		};
		8AA6B910297F30D40080354B /* Build configuration list for PBXNativeTarget "WorldOfPAYBACKapp" */ = {
			isa = XCConfigurationList;
			buildConfigurations = (
				8AA6B911297F30D40080354B /* Debug */,
				8AA6B912297F30D40080354B /* Release */,
			);
			defaultConfigurationIsVisible = 0;
			defaultConfigurationName = Release;
		};
/* End XCConfigurationList section */
	};
	rootObject = 8AA6B8F4297F30D30080354B /* Project object */;
}
